
Microsoft Visual Studio Solution File, Format Version 12.00
# Visual Studio 15
VisualStudioVersion = 15.0.27428.2027
MinimumVisualStudioVersion = 10.0.40219.1
Project("{8BC9CEB8-8B4A-11D0-8D11-00A0C91BC942}") = "hid-lamprey", "hid-lamprey.vcxproj", "{EA37416A-813A-4057-BEA3-9FE08582A57E}"
EndProject
Global
	GlobalSection(SolutionConfigurationPlatforms) = preSolution
		Debug|ARM = Debug|ARM
		Debug|x64 = Debug|x64
		Debug|x86 = Debug|x86
		Release|ARM = Release|ARM
		Release|x64 = Release|x64
		Release|x86 = Release|x86
	EndGlobalSection
	GlobalSection(ProjectConfigurationPlatforms) = postSolution
		{EA37416A-813A-4057-BEA3-9FE08582A57E}.Debug|ARM.ActiveCfg = Debug|Win32
		{EA37416A-813A-4057-BEA3-9FE08582A57E}.Debug|x64.ActiveCfg = Debug|x64
		{EA37416A-813A-4057-BEA3-9FE08582A57E}.Debug|x64.Build.0 = Debug|x64
		{EA37416A-813A-4057-BEA3-9FE08582A57E}.Debug|x86.ActiveCfg = Debug|x64
		{EA37416A-813A-4057-BEA3-9FE08582A57E}.Debug|x86.Build.0 = Debug|x64
		{EA37416A-813A-4057-BEA3-9FE08582A57E}.Release|ARM.ActiveCfg = Release|Win32
		{EA37416A-813A-4057-BEA3-9FE08582A57E}.Release|x64.ActiveCfg = Release|x64
		{EA37416A-813A-4057-BEA3-9FE08582A57E}.Release|x64.Build.0 = Release|x64
		{EA37416A-813A-4057-BEA3-9FE08582A57E}.Release|x86.ActiveCfg = Release|Win32
		{EA37416A-813A-4057-BEA3-9FE08582A57E}.Release|x86.Build.0 = Release|Win32
	EndGlobalSection
	GlobalSection(SolutionProperties) = preSolution
		HideSolutionNode = FALSE
	EndGlobalSection
	GlobalSection(ExtensibilityGlobals) = postSolution
		SolutionGuid = {078F9555-B2E2-4CFC-A166-98D3C67B1D54}
	EndGlobalSection
EndGlobal
